
Microsoft Visual Studio Solution File, Format Version 12.00
# Visual Studio Version 17
VisualStudioVersion = 17.3.32825.248
MinimumVisualStudioVersion = 10.0.40219.1
Project("{FAE04EC0-301F-11D3-BF4B-00C04F79EFBC}") = "exerc.6", "exerc.6\exerc.6.csproj", "{7E8B25A6-87DF-4979-BDF8-769DCAEA3C71}"
EndProject
Global
	GlobalSection(SolutionConfigurationPlatforms) = preSolution
		Debug|Any CPU = Debug|Any CPU
		Release|Any CPU = Release|Any CPU
	EndGlobalSection
	GlobalSection(ProjectConfigurationPlatforms) = postSolution
		{7E8B25A6-87DF-4979-BDF8-769DCAEA3C71}.Debug|Any CPU.ActiveCfg = Debug|Any CPU
		{7E8B25A6-87DF-4979-BDF8-769DCAEA3C71}.Debug|Any CPU.Build.0 = Debug|Any CPU
		{7E8B25A6-87DF-4979-BDF8-769DCAEA3C71}.Release|Any CPU.ActiveCfg = Release|Any CPU
		{7E8B25A6-87DF-4979-BDF8-769DCAEA3C71}.Release|Any CPU.Build.0 = Release|Any CPU
	EndGlobalSection
	GlobalSection(SolutionProperties) = preSolution
		HideSolutionNode = FALSE
	EndGlobalSection
	GlobalSection(ExtensibilityGlobals) = postSolution
		SolutionGuid = {A15C0C54-7208-425D-8B62-6C28A0C907E7}
	EndGlobalSection
EndGlobal
