
Microsoft Visual Studio Solution File, Format Version 12.00
# Visual Studio Version 17
VisualStudioVersion = 17.3.32825.248
MinimumVisualStudioVersion = 10.0.40219.1
Project("{FAE04EC0-301F-11D3-BF4B-00C04F79EFBC}") = "exerc.7", "exerc.7\exerc.7.csproj", "{957BC7A4-BA44-4E60-B930-867B0A85955C}"
EndProject
Global
	GlobalSection(SolutionConfigurationPlatforms) = preSolution
		Debug|Any CPU = Debug|Any CPU
		Release|Any CPU = Release|Any CPU
	EndGlobalSection
	GlobalSection(ProjectConfigurationPlatforms) = postSolution
		{957BC7A4-BA44-4E60-B930-867B0A85955C}.Debug|Any CPU.ActiveCfg = Debug|Any CPU
		{957BC7A4-BA44-4E60-B930-867B0A85955C}.Debug|Any CPU.Build.0 = Debug|Any CPU
		{957BC7A4-BA44-4E60-B930-867B0A85955C}.Release|Any CPU.ActiveCfg = Release|Any CPU
		{957BC7A4-BA44-4E60-B930-867B0A85955C}.Release|Any CPU.Build.0 = Release|Any CPU
	EndGlobalSection
	GlobalSection(SolutionProperties) = preSolution
		HideSolutionNode = FALSE
	EndGlobalSection
	GlobalSection(ExtensibilityGlobals) = postSolution
		SolutionGuid = {D3C7E4AB-CAFD-466B-9D43-D5F1EA8F5A6D}
	EndGlobalSection
EndGlobal
