
Microsoft Visual Studio Solution File, Format Version 12.00
# Visual Studio Version 17
VisualStudioVersion = 17.3.32825.248
MinimumVisualStudioVersion = 10.0.40219.1
Project("{FAE04EC0-301F-11D3-BF4B-00C04F79EFBC}") = "exerc.3", "exerc.3\exerc.3.csproj", "{365A87A6-742C-4EC3-961D-657E98AD24D5}"
EndProject
Global
	GlobalSection(SolutionConfigurationPlatforms) = preSolution
		Debug|Any CPU = Debug|Any CPU
		Release|Any CPU = Release|Any CPU
	EndGlobalSection
	GlobalSection(ProjectConfigurationPlatforms) = postSolution
		{365A87A6-742C-4EC3-961D-657E98AD24D5}.Debug|Any CPU.ActiveCfg = Debug|Any CPU
		{365A87A6-742C-4EC3-961D-657E98AD24D5}.Debug|Any CPU.Build.0 = Debug|Any CPU
		{365A87A6-742C-4EC3-961D-657E98AD24D5}.Release|Any CPU.ActiveCfg = Release|Any CPU
		{365A87A6-742C-4EC3-961D-657E98AD24D5}.Release|Any CPU.Build.0 = Release|Any CPU
	EndGlobalSection
	GlobalSection(SolutionProperties) = preSolution
		HideSolutionNode = FALSE
	EndGlobalSection
	GlobalSection(ExtensibilityGlobals) = postSolution
		SolutionGuid = {9790D301-21B9-4486-836C-B7FD23690EC8}
	EndGlobalSection
EndGlobal
