
Microsoft Visual Studio Solution File, Format Version 12.00
# Visual Studio Version 17
VisualStudioVersion = 17.3.32825.248
MinimumVisualStudioVersion = 10.0.40219.1
Project("{FAE04EC0-301F-11D3-BF4B-00C04F79EFBC}") = "exerc.11", "exerc.11\exerc.11.csproj", "{CF138FA5-E111-4A9A-B25F-29B3A132147B}"
EndProject
Global
	GlobalSection(SolutionConfigurationPlatforms) = preSolution
		Debug|Any CPU = Debug|Any CPU
		Release|Any CPU = Release|Any CPU
	EndGlobalSection
	GlobalSection(ProjectConfigurationPlatforms) = postSolution
		{CF138FA5-E111-4A9A-B25F-29B3A132147B}.Debug|Any CPU.ActiveCfg = Debug|Any CPU
		{CF138FA5-E111-4A9A-B25F-29B3A132147B}.Debug|Any CPU.Build.0 = Debug|Any CPU
		{CF138FA5-E111-4A9A-B25F-29B3A132147B}.Release|Any CPU.ActiveCfg = Release|Any CPU
		{CF138FA5-E111-4A9A-B25F-29B3A132147B}.Release|Any CPU.Build.0 = Release|Any CPU
	EndGlobalSection
	GlobalSection(SolutionProperties) = preSolution
		HideSolutionNode = FALSE
	EndGlobalSection
	GlobalSection(ExtensibilityGlobals) = postSolution
		SolutionGuid = {B3923556-86D8-4C0B-87FA-698145EDEC77}
	EndGlobalSection
EndGlobal
