
Microsoft Visual Studio Solution File, Format Version 12.00
# Visual Studio Version 17
VisualStudioVersion = 17.3.32825.248
MinimumVisualStudioVersion = 10.0.40219.1
Project("{FAE04EC0-301F-11D3-BF4B-00C04F79EFBC}") = "exerc.9", "exerc.9\exerc.9.csproj", "{86C59848-01D2-4A01-AC08-B3473B010208}"
EndProject
Global
	GlobalSection(SolutionConfigurationPlatforms) = preSolution
		Debug|Any CPU = Debug|Any CPU
		Release|Any CPU = Release|Any CPU
	EndGlobalSection
	GlobalSection(ProjectConfigurationPlatforms) = postSolution
		{86C59848-01D2-4A01-AC08-B3473B010208}.Debug|Any CPU.ActiveCfg = Debug|Any CPU
		{86C59848-01D2-4A01-AC08-B3473B010208}.Debug|Any CPU.Build.0 = Debug|Any CPU
		{86C59848-01D2-4A01-AC08-B3473B010208}.Release|Any CPU.ActiveCfg = Release|Any CPU
		{86C59848-01D2-4A01-AC08-B3473B010208}.Release|Any CPU.Build.0 = Release|Any CPU
	EndGlobalSection
	GlobalSection(SolutionProperties) = preSolution
		HideSolutionNode = FALSE
	EndGlobalSection
	GlobalSection(ExtensibilityGlobals) = postSolution
		SolutionGuid = {5C86BCED-7131-4EF2-8C48-CE4F11D3B3DA}
	EndGlobalSection
EndGlobal
