
Microsoft Visual Studio Solution File, Format Version 12.00
# Visual Studio Version 17
VisualStudioVersion = 17.3.32825.248
MinimumVisualStudioVersion = 10.0.40219.1
Project("{FAE04EC0-301F-11D3-BF4B-00C04F79EFBC}") = "exerc.10", "exerc.10\exerc.10.csproj", "{AA0134FA-05C6-4A26-B012-534D8E87C2DD}"
EndProject
Global
	GlobalSection(SolutionConfigurationPlatforms) = preSolution
		Debug|Any CPU = Debug|Any CPU
		Release|Any CPU = Release|Any CPU
	EndGlobalSection
	GlobalSection(ProjectConfigurationPlatforms) = postSolution
		{AA0134FA-05C6-4A26-B012-534D8E87C2DD}.Debug|Any CPU.ActiveCfg = Debug|Any CPU
		{AA0134FA-05C6-4A26-B012-534D8E87C2DD}.Debug|Any CPU.Build.0 = Debug|Any CPU
		{AA0134FA-05C6-4A26-B012-534D8E87C2DD}.Release|Any CPU.ActiveCfg = Release|Any CPU
		{AA0134FA-05C6-4A26-B012-534D8E87C2DD}.Release|Any CPU.Build.0 = Release|Any CPU
	EndGlobalSection
	GlobalSection(SolutionProperties) = preSolution
		HideSolutionNode = FALSE
	EndGlobalSection
	GlobalSection(ExtensibilityGlobals) = postSolution
		SolutionGuid = {514B9522-6759-4223-AA31-BE61D576D96D}
	EndGlobalSection
EndGlobal
